
Microsoft Visual Studio Solution File, Format Version 12.00
# Visual Studio 15
VisualStudioVersion = 15.0.26730.12
MinimumVisualStudioVersion = 10.0.40219.1
Project("{9A19103F-16F7-4668-BE54-9A1E7A4F7556}") = "ForgingAhead", "ForgingAhead\ForgingAhead.csproj", "{E8D90904-A293-4DF7-852B-E44184AF6A26}"
EndProject
Global
	GlobalSection(SolutionConfigurationPlatforms) = preSolution
		Debug|Any CPU = Debug|Any CPU
		Release|Any CPU = Release|Any CPU
	EndGlobalSection
	GlobalSection(ProjectConfigurationPlatforms) = postSolution
		{E8D90904-A293-4DF7-852B-E44184AF6A26}.Debug|Any CPU.ActiveCfg = Debug|Any CPU
		{E8D90904-A293-4DF7-852B-E44184AF6A26}.Debug|Any CPU.Build.0 = Debug|Any CPU
		{E8D90904-A293-4DF7-852B-E44184AF6A26}.Release|Any CPU.ActiveCfg = Release|Any CPU
		{E8D90904-A293-4DF7-852B-E44184AF6A26}.Release|Any CPU.Build.0 = Release|Any CPU
	EndGlobalSection
	GlobalSection(SolutionProperties) = preSolution
		HideSolutionNode = FALSE
	EndGlobalSection
	GlobalSection(ExtensibilityGlobals) = postSolution
		SolutionGuid = {A5D95614-582B-4749-B094-E0A300C14706}
	EndGlobalSection
EndGlobal
